
Microsoft Visual Studio Solution File, Format Version 12.00
# Visual Studio Version 17
VisualStudioVersion = 17.6.33815.320
MinimumVisualStudioVersion = 10.0.40219.1
Project("{9A19103F-16F7-4668-BE54-9A1E7A4F7556}") = "Peak Pass Manager", "Peak Pass Manager\Peak Pass Manager.csproj", "{5EB5E4B6-578E-4573-9FF5-917F32B13DD0}"
EndProject
Project("{9A19103F-16F7-4668-BE54-9A1E7A4F7556}") = "Dominio(Controladora)", "Dominio\Dominio(Controladora).csproj", "{12120E50-4C1C-420F-8B8B-D756C08C961D}"
EndProject
Project("{9A19103F-16F7-4668-BE54-9A1E7A4F7556}") = "Acceso a Datos(Modelo)", "Acceso a Datos\Acceso a Datos(Modelo).csproj", "{74BD1499-8BC1-4997-A6DA-6BA61C06F3A8}"
EndProject
Project("{9A19103F-16F7-4668-BE54-9A1E7A4F7556}") = "Comun", "Comun\Comun.csproj", "{FE90D439-AF9E-417C-8C82-F0EB12267900}"
EndProject
Global
	GlobalSection(SolutionConfigurationPlatforms) = preSolution
		Debug|Any CPU = Debug|Any CPU
		Release|Any CPU = Release|Any CPU
	EndGlobalSection
	GlobalSection(ProjectConfigurationPlatforms) = postSolution
		{5EB5E4B6-578E-4573-9FF5-917F32B13DD0}.Debug|Any CPU.ActiveCfg = Debug|Any CPU
		{5EB5E4B6-578E-4573-9FF5-917F32B13DD0}.Debug|Any CPU.Build.0 = Debug|Any CPU
		{5EB5E4B6-578E-4573-9FF5-917F32B13DD0}.Release|Any CPU.ActiveCfg = Release|Any CPU
		{5EB5E4B6-578E-4573-9FF5-917F32B13DD0}.Release|Any CPU.Build.0 = Release|Any CPU
		{12120E50-4C1C-420F-8B8B-D756C08C961D}.Debug|Any CPU.ActiveCfg = Debug|Any CPU
		{12120E50-4C1C-420F-8B8B-D756C08C961D}.Debug|Any CPU.Build.0 = Debug|Any CPU
		{12120E50-4C1C-420F-8B8B-D756C08C961D}.Release|Any CPU.ActiveCfg = Release|Any CPU
		{12120E50-4C1C-420F-8B8B-D756C08C961D}.Release|Any CPU.Build.0 = Release|Any CPU
		{74BD1499-8BC1-4997-A6DA-6BA61C06F3A8}.Debug|Any CPU.ActiveCfg = Debug|Any CPU
		{74BD1499-8BC1-4997-A6DA-6BA61C06F3A8}.Debug|Any CPU.Build.0 = Debug|Any CPU
		{74BD1499-8BC1-4997-A6DA-6BA61C06F3A8}.Release|Any CPU.ActiveCfg = Release|Any CPU
		{74BD1499-8BC1-4997-A6DA-6BA61C06F3A8}.Release|Any CPU.Build.0 = Release|Any CPU
		{FE90D439-AF9E-417C-8C82-F0EB12267900}.Debug|Any CPU.ActiveCfg = Debug|Any CPU
		{FE90D439-AF9E-417C-8C82-F0EB12267900}.Debug|Any CPU.Build.0 = Debug|Any CPU
		{FE90D439-AF9E-417C-8C82-F0EB12267900}.Release|Any CPU.ActiveCfg = Release|Any CPU
		{FE90D439-AF9E-417C-8C82-F0EB12267900}.Release|Any CPU.Build.0 = Release|Any CPU
	EndGlobalSection
	GlobalSection(SolutionProperties) = preSolution
		HideSolutionNode = FALSE
	EndGlobalSection
	GlobalSection(ExtensibilityGlobals) = postSolution
		SolutionGuid = {08E58643-B5A7-409E-9DDA-3FB602A3C4CC}
	EndGlobalSection
EndGlobal
